
Microsoft Visual Studio Solution File, Format Version 12.00
# Visual Studio 2012
Project("{FAE04EC0-301F-11D3-BF4B-00C04F79EFBC}") = "MiSharp", "MiSharp\MiSharp.csproj", "{70A65FC9-D743-4EC4-AD3D-DD7A125904B7}"
EndProject
Project("{FAE04EC0-301F-11D3-BF4B-00C04F79EFBC}") = "MiSharp.Core", "MiSharp.Core\MiSharp.Core.csproj", "{B15B28FC-FF24-4871-B539-C4EB78788612}"
EndProject
Project("{FAE04EC0-301F-11D3-BF4B-00C04F79EFBC}") = "DeadDog.Audio", "DeadDog.Audio\DeadDog.Audio.csproj", "{A393FD81-A89C-4761-AF87-2E5DE2B95B61}"
EndProject
Project("{FAE04EC0-301F-11D3-BF4B-00C04F79EFBC}") = "FileStorage", "FileStorage\FileStorage.csproj", "{B440BE58-E06B-4CB4-8111-BAF03C015ABC}"
EndProject
Project("{FAE04EC0-301F-11D3-BF4B-00C04F79EFBC}") = "FmodSharp", "FmodSharp\FmodSharp.csproj", "{E0810E1A-EA20-4F0D-8D0F-5B72C3E64F6D}"
EndProject
Global
	GlobalSection(SolutionConfigurationPlatforms) = preSolution
		Debug|Any CPU = Debug|Any CPU
		Debug|x86 = Debug|x86
		Release|Any CPU = Release|Any CPU
		Release|x86 = Release|x86
	EndGlobalSection
	GlobalSection(ProjectConfigurationPlatforms) = postSolution
		{70A65FC9-D743-4EC4-AD3D-DD7A125904B7}.Debug|Any CPU.ActiveCfg = Debug|Any CPU
		{70A65FC9-D743-4EC4-AD3D-DD7A125904B7}.Debug|Any CPU.Build.0 = Debug|Any CPU
		{70A65FC9-D743-4EC4-AD3D-DD7A125904B7}.Debug|x86.ActiveCfg = Debug|Any CPU
		{70A65FC9-D743-4EC4-AD3D-DD7A125904B7}.Release|Any CPU.ActiveCfg = Release|Any CPU
		{70A65FC9-D743-4EC4-AD3D-DD7A125904B7}.Release|Any CPU.Build.0 = Release|Any CPU
		{70A65FC9-D743-4EC4-AD3D-DD7A125904B7}.Release|x86.ActiveCfg = Release|Any CPU
		{B15B28FC-FF24-4871-B539-C4EB78788612}.Debug|Any CPU.ActiveCfg = Debug|Any CPU
		{B15B28FC-FF24-4871-B539-C4EB78788612}.Debug|Any CPU.Build.0 = Debug|Any CPU
		{B15B28FC-FF24-4871-B539-C4EB78788612}.Debug|x86.ActiveCfg = Debug|Any CPU
		{B15B28FC-FF24-4871-B539-C4EB78788612}.Release|Any CPU.ActiveCfg = Release|Any CPU
		{B15B28FC-FF24-4871-B539-C4EB78788612}.Release|Any CPU.Build.0 = Release|Any CPU
		{B15B28FC-FF24-4871-B539-C4EB78788612}.Release|x86.ActiveCfg = Release|Any CPU
		{A393FD81-A89C-4761-AF87-2E5DE2B95B61}.Debug|Any CPU.ActiveCfg = Debug|Any CPU
		{A393FD81-A89C-4761-AF87-2E5DE2B95B61}.Debug|Any CPU.Build.0 = Debug|Any CPU
		{A393FD81-A89C-4761-AF87-2E5DE2B95B61}.Debug|x86.ActiveCfg = Debug|Any CPU
		{A393FD81-A89C-4761-AF87-2E5DE2B95B61}.Release|Any CPU.ActiveCfg = Release|Any CPU
		{A393FD81-A89C-4761-AF87-2E5DE2B95B61}.Release|Any CPU.Build.0 = Release|Any CPU
		{A393FD81-A89C-4761-AF87-2E5DE2B95B61}.Release|x86.ActiveCfg = Release|Any CPU
		{B440BE58-E06B-4CB4-8111-BAF03C015ABC}.Debug|Any CPU.ActiveCfg = Debug|Any CPU
		{B440BE58-E06B-4CB4-8111-BAF03C015ABC}.Debug|Any CPU.Build.0 = Debug|Any CPU
		{B440BE58-E06B-4CB4-8111-BAF03C015ABC}.Debug|x86.ActiveCfg = Debug|Any CPU
		{B440BE58-E06B-4CB4-8111-BAF03C015ABC}.Release|Any CPU.ActiveCfg = Release|Any CPU
		{B440BE58-E06B-4CB4-8111-BAF03C015ABC}.Release|Any CPU.Build.0 = Release|Any CPU
		{B440BE58-E06B-4CB4-8111-BAF03C015ABC}.Release|x86.ActiveCfg = Release|Any CPU
		{E0810E1A-EA20-4F0D-8D0F-5B72C3E64F6D}.Debug|Any CPU.ActiveCfg = Debug|Any CPU
		{E0810E1A-EA20-4F0D-8D0F-5B72C3E64F6D}.Debug|Any CPU.Build.0 = Debug|Any CPU
		{E0810E1A-EA20-4F0D-8D0F-5B72C3E64F6D}.Debug|x86.ActiveCfg = Debug|x86
		{E0810E1A-EA20-4F0D-8D0F-5B72C3E64F6D}.Debug|x86.Build.0 = Debug|x86
		{E0810E1A-EA20-4F0D-8D0F-5B72C3E64F6D}.Release|Any CPU.ActiveCfg = Release|Any CPU
		{E0810E1A-EA20-4F0D-8D0F-5B72C3E64F6D}.Release|Any CPU.Build.0 = Release|Any CPU
		{E0810E1A-EA20-4F0D-8D0F-5B72C3E64F6D}.Release|x86.ActiveCfg = Release|x86
		{E0810E1A-EA20-4F0D-8D0F-5B72C3E64F6D}.Release|x86.Build.0 = Release|x86
	EndGlobalSection
	GlobalSection(SolutionProperties) = preSolution
		HideSolutionNode = FALSE
	EndGlobalSection
EndGlobal
